
Microsoft Visual Studio Solution File, Format Version 12.00
# Visual Studio 15
VisualStudioVersion = 15.0.27130.2027
MinimumVisualStudioVersion = 10.0.40219.1
Project("{FAE04EC0-301F-11D3-BF4B-00C04F79EFBC}") = "Swapcode.Episerver.Logging.NLog", "Swapcode.Episerver.Logging.NLog\Swapcode.Episerver.Logging.NLog.csproj", "{12E417E8-9471-40BF-BA19-5F5DB7C308DB}"
EndProject
Global
	GlobalSection(SolutionConfigurationPlatforms) = preSolution
		Debug|Any CPU = Debug|Any CPU
		Release|Any CPU = Release|Any CPU
	EndGlobalSection
	GlobalSection(ProjectConfigurationPlatforms) = postSolution
		{12E417E8-9471-40BF-BA19-5F5DB7C308DB}.Debug|Any CPU.ActiveCfg = Debug|Any CPU
		{12E417E8-9471-40BF-BA19-5F5DB7C308DB}.Debug|Any CPU.Build.0 = Debug|Any CPU
		{12E417E8-9471-40BF-BA19-5F5DB7C308DB}.Release|Any CPU.ActiveCfg = Release|Any CPU
		{12E417E8-9471-40BF-BA19-5F5DB7C308DB}.Release|Any CPU.Build.0 = Release|Any CPU
	EndGlobalSection
	GlobalSection(SolutionProperties) = preSolution
		HideSolutionNode = FALSE
	EndGlobalSection
	GlobalSection(ExtensibilityGlobals) = postSolution
		SolutionGuid = {BFA43F1B-B8BD-4F47-9DDE-8F97DDD9D53F}
	EndGlobalSection
EndGlobal
